{
  "name": "dcl-project",
  "version": "1.0.0",
  "lockfileVersion": 1,
  "requires": true,
  "dependencies": {
    "@dcl/ecs-scene-utils": {
      "version": "1.6.1",
      "resolved": "https://registry.npmjs.org/@dcl/ecs-scene-utils/-/ecs-scene-utils-1.6.1.tgz",
      "integrity": "sha512-HA7cwPspgLsx5+YulrimHU4wl7sZaX8DNfCwHBn3g4m0w6vzyy9GgWme+yLUqexUIedGkuhu+nNiWH2fZk4CNQ=="
    },
    "@dcl/npc-scene-utils": {
      "version": "1.2.10",
      "resolved": "https://registry.npmjs.org/@dcl/npc-scene-utils/-/npc-scene-utils-1.2.10.tgz",
      "integrity": "sha512-58awkzfpaCWg6M/n8c6ph4lI8pgQv3I/Bi+JzXQhU1EP788XXsl9ypz/rJ8zAOACiuGYVlWeP1iOhzk87spIBA=="
    },
    "@dcl/ui-scene-utils": {
      "version": "1.7.1",
      "resolved": "https://registry.npmjs.org/@dcl/ui-scene-utils/-/ui-scene-utils-1.7.1.tgz",
      "integrity": "sha512-W0GW7ZKaevpuSdB1AUvk8qTtWhnVUMEg4BlLWHvW6FijVt0DF4TwWPWHRs2H7ONfhlaH+nHe5YexUr1WBS1K4A=="
    },
    "buffer-from": {
      "version": "1.1.1",
      "resolved": "https://registry.npmjs.org/buffer-from/-/buffer-from-1.1.1.tgz",
      "integrity": "sha512-MQcXEUbCKtEo7bhqEs6560Hyd4XaovZlO/k9V3hjVUF/zwW7KBVdSK4gIt/bzwS9MbR5qob+F5jusZsb0YQK2A==",
      "dev": true
    },
    "commander": {
      "version": "2.20.3",
      "resolved": "https://registry.npmjs.org/commander/-/commander-2.20.3.tgz",
      "integrity": "sha512-GpVkmM8vF2vQUkj2LvZmD35JxeJOLCwJ9cUkugyk2nuhbv3+mJvpLYYt+0+USMxE+oj+ey/lJEnhZw75x/OMcQ==",
      "dev": true
    },
    "dcl-ecs-quests": {
      "version": "1.0.4",
      "resolved": "https://registry.npmjs.org/dcl-ecs-quests/-/dcl-ecs-quests-1.0.4.tgz",
      "integrity": "sha512-aCf+CPbvpdzMKp7mRsQL5q/a4xNycw3iJbVuGxc0mU7BmTUTmXUJKgpp6TVzK7G+3hCZdOPi/qNObxnIWNtAEw==",
      "requires": {
        "dcl-quests-client": "^2.0.1"
      }
    },
    "dcl-quests-client": {
      "version": "2.0.1",
      "resolved": "https://registry.npmjs.org/dcl-quests-client/-/dcl-quests-client-2.0.1.tgz",
      "integrity": "sha512-NuCCuIyODu42UHFfpQd83N8LmAdoFQBHN12qrIZvFTytkWHRFUn+/1gisicV6T69hMAHEwWYpMCuWRIuF189pw=="
    },
    "decentraland-builder-scripts": {
      "version": "0.24.0",
      "resolved": "https://registry.npmjs.org/decentraland-builder-scripts/-/decentraland-builder-scripts-0.24.0.tgz",
      "integrity": "sha512-gqCwQCLX1oez3rACmeqmVUyYmcwZmpk2VozfBF4LRMawgX1YoInraKbuOTs+2DbrDG8zmbDGDCj6wAeLsg7irA==",
      "requires": {
        "decentraland-ecs": "^6.1.4"
      },
      "dependencies": {
        "decentraland-ecs": {
          "version": "6.5.0",
          "resolved": "https://registry.npmjs.org/decentraland-ecs/-/decentraland-ecs-6.5.0.tgz",
          "integrity": "sha512-xtqeHBlrhJheGzhOf6RlxnGErxOYlK7LzXpnN40Eu2SSjs4RYkk8ZKPFY8UmKbK/grK/ZCJ7qNKsghiNz9TlDA==",
          "requires": {
            "typescript": "^3.8.3",
            "uglify-js": "^3.5.2"
          }
        }
      }
    },
    "decentraland-ecs": {
      "version": "6.6.5-20210226141234.commit-d3ed816",
      "resolved": "https://registry.npmjs.org/decentraland-ecs/-/decentraland-ecs-6.6.5-20210226141234.commit-d3ed816.tgz",
      "integrity": "sha512-0ojJX07VEcpkST2+1AVMKQagn+LwI3A5hN8tpq0x2I1rN5+80HVs1BcMBAfaDvz+fviQ+eyRuorNj80AdqXTRw==",
      "dev": true,
      "requires": {
        "terser": "^5.2.1",
        "typescript": "^4.0.2"
      },
      "dependencies": {
        "typescript": {
          "version": "4.2.2",
          "resolved": "https://registry.npmjs.org/typescript/-/typescript-4.2.2.tgz",
          "integrity": "sha512-tbb+NVrLfnsJy3M59lsDgrzWIflR4d4TIUjz+heUnHZwdF7YsrMTKoRERiIvI2lvBG95dfpLxB21WZhys1bgaQ==",
          "dev": true
        }
      }
    },
    "source-map": {
      "version": "0.7.3",
      "resolved": "https://registry.npmjs.org/source-map/-/source-map-0.7.3.tgz",
      "integrity": "sha512-CkCj6giN3S+n9qrYiBTX5gystlENnRW5jZeNLHpe6aue+SrHcG5VYwujhW9s4dY31mEGsxBDrHR6oI69fTXsaQ==",
      "dev": true
    },
    "source-map-support": {
      "version": "0.5.19",
      "resolved": "https://registry.npmjs.org/source-map-support/-/source-map-support-0.5.19.tgz",
      "integrity": "sha512-Wonm7zOCIJzBGQdB+thsPar0kYuCIzYvxZwlBa87yi/Mdjv7Tip2cyVbLj5o0cFPN4EVkuTwb3GDDyUx2DGnGw==",
      "dev": true,
      "requires": {
        "buffer-from": "^1.0.0",
        "source-map": "^0.6.0"
      },
      "dependencies": {
        "source-map": {
          "version": "0.6.1",
          "resolved": "https://registry.npmjs.org/source-map/-/source-map-0.6.1.tgz",
          "integrity": "sha512-UjgapumWlbMhkBgzT7Ykc5YXUT46F0iKu8SGXq0bcwP5dz/h0Plj6enJqjz1Zbq2l5WaqYnrVbwWOWMyF3F47g==",
          "dev": true
        }
      }
    },
    "terser": {
      "version": "5.6.0",
      "resolved": "https://registry.npmjs.org/terser/-/terser-5.6.0.tgz",
      "integrity": "sha512-vyqLMoqadC1uR0vywqOZzriDYzgEkNJFK4q9GeyOBHIbiECHiWLKcWfbQWAUaPfxkjDhapSlZB9f7fkMrvkVjA==",
      "dev": true,
      "requires": {
        "commander": "^2.20.0",
        "source-map": "~0.7.2",
        "source-map-support": "~0.5.19"
      }
    },
    "typescript": {
      "version": "3.9.7",
      "resolved": "https://registry.npmjs.org/typescript/-/typescript-3.9.7.tgz",
      "integrity": "sha512-BLbiRkiBzAwsjut4x/dsibSTB6yWpwT5qWmC2OfuCg3GgVQCSgMs4vEctYPhsaGtd0AeuuHMkjZ2h2WG8MSzRw=="
    },
    "uglify-js": {
      "version": "3.10.3",
      "resolved": "https://registry.npmjs.org/uglify-js/-/uglify-js-3.10.3.tgz",
      "integrity": "sha512-Lh00i69Uf6G74mvYpHCI9KVVXLcHW/xu79YTvH7Mkc9zyKUeSPz0owW0dguj0Scavns3ZOh3wY63J0Zb97Za2g=="
    }
  }
}
