{
  "name": "dcl-project",
  "version": "1.0.0",
  "lockfileVersion": 1,
  "requires": true,
  "dependencies": {
    "@dcl/ecs-quests": {
      "version": "1.2.3-20210422200033.commit-48c967e",
      "resolved": "https://registry.npmjs.org/@dcl/ecs-quests/-/ecs-quests-1.2.3-20210422200033.commit-48c967e.tgz",
      "integrity": "sha512-EMhM9fnEh/FVhKZopr8xBoyTQldkjbEsp8qaMsYWOTj3Md9ekjxaJydJTMIeI2gWhPgn1FI4SGnWqpQcI05a9Q==",
      "requires": {
        "dcl-quests-client": "^2.8.0"
      },
      "dependencies": {
        "dcl-quests-client": {
          "version": "2.9.0",
          "resolved": "https://registry.npmjs.org/dcl-quests-client/-/dcl-quests-client-2.9.0.tgz",
          "integrity": "sha512-yVNNHxu2zPF+66uLVvKQP/wubPOO3DgJHjtjUbjBCNbQUtKYz6M0+7X5pqEqC4kLQqGegrdZgTIl4qoZfxpewA=="
        }
      }
    },
    "@dcl/ecs-scene-utils": {
      "version": "1.6.2-20210408012032.commit-5921be1",
      "resolved": "https://registry.npmjs.org/@dcl/ecs-scene-utils/-/ecs-scene-utils-1.6.2-20210408012032.commit-5921be1.tgz",
      "integrity": "sha512-grU9TjeQHemcERFU1wl4V0hiNHohiKHqQFu2sehFKcPZ42NRZROhUbbrzRoS5J+lucgTYemjamDA03Z4u4PrZg=="
    },
    "@dcl/npc-scene-utils": {
      "version": "1.3.5-20210421190908.commit-a369f16",
      "resolved": "https://registry.npmjs.org/@dcl/npc-scene-utils/-/npc-scene-utils-1.3.5-20210421190908.commit-a369f16.tgz",
      "integrity": "sha512-1vtO+hvSCA4ENuZp/yNxP3yXYAcRzfK/z7eIMw9FQvaPVeI55qisZGL1/pgBL8OPZ/qBx08QhdkcNYvDKvU2/Q=="
    },
    "@dcl/ui-scene-utils": {
      "version": "1.7.1",
      "resolved": "https://registry.npmjs.org/@dcl/ui-scene-utils/-/ui-scene-utils-1.7.1.tgz",
      "integrity": "sha512-W0GW7ZKaevpuSdB1AUvk8qTtWhnVUMEg4BlLWHvW6FijVt0DF4TwWPWHRs2H7ONfhlaH+nHe5YexUr1WBS1K4A=="
    },
    "buffer-from": {
      "version": "1.1.1",
      "resolved": "https://registry.npmjs.org/buffer-from/-/buffer-from-1.1.1.tgz",
      "integrity": "sha512-MQcXEUbCKtEo7bhqEs6560Hyd4XaovZlO/k9V3hjVUF/zwW7KBVdSK4gIt/bzwS9MbR5qob+F5jusZsb0YQK2A==",
      "dev": true
    },
    "commander": {
      "version": "2.20.3",
      "resolved": "https://registry.npmjs.org/commander/-/commander-2.20.3.tgz",
      "integrity": "sha512-GpVkmM8vF2vQUkj2LvZmD35JxeJOLCwJ9cUkugyk2nuhbv3+mJvpLYYt+0+USMxE+oj+ey/lJEnhZw75x/OMcQ==",
      "dev": true
    },
    "dcl-quests-client": {
      "version": "2.6.1",
      "resolved": "https://registry.npmjs.org/dcl-quests-client/-/dcl-quests-client-2.6.1.tgz",
      "integrity": "sha512-ZDEl555Q3c6pxhbkXuRZ+HcBKqXQH/xKu2fBXrtYsl0uu0GYIAK0NP3/NDztvT7haukU3z8kZe1IrjGDBGczIA=="
    },
    "decentraland-builder-scripts": {
      "version": "0.24.0",
      "resolved": "https://registry.npmjs.org/decentraland-builder-scripts/-/decentraland-builder-scripts-0.24.0.tgz",
      "integrity": "sha512-gqCwQCLX1oez3rACmeqmVUyYmcwZmpk2VozfBF4LRMawgX1YoInraKbuOTs+2DbrDG8zmbDGDCj6wAeLsg7irA==",
      "requires": {
        "decentraland-ecs": "^6.1.4"
      },
      "dependencies": {
        "decentraland-ecs": {
          "version": "6.5.0",
          "resolved": "https://registry.npmjs.org/decentraland-ecs/-/decentraland-ecs-6.5.0.tgz",
          "integrity": "sha512-xtqeHBlrhJheGzhOf6RlxnGErxOYlK7LzXpnN40Eu2SSjs4RYkk8ZKPFY8UmKbK/grK/ZCJ7qNKsghiNz9TlDA==",
          "requires": {
            "typescript": "^3.8.3",
            "uglify-js": "^3.5.2"
          }
        }
      }
    },
    "decentraland-ecs": {
      "version": "6.6.5-20210420181910.commit-e11f86b",
      "resolved": "https://registry.npmjs.org/decentraland-ecs/-/decentraland-ecs-6.6.5-20210420181910.commit-e11f86b.tgz",
      "integrity": "sha512-7DldJlDYulfhkKjXtP/3wR5zaGDKeAOyb6tGtk+gXV9piVH94BO1DiOkUOeLJiHaeofd4lUEOkrqf8yZQFxdQA==",
      "dev": true,
      "requires": {
        "terser": "^5.2.1",
        "typescript": "^4.0.2"
      },
      "dependencies": {
        "typescript": {
          "version": "4.2.4",
          "resolved": "https://registry.npmjs.org/typescript/-/typescript-4.2.4.tgz",
          "integrity": "sha512-V+evlYHZnQkaz8TRBuxTA92yZBPotr5H+WhQ7bD3hZUndx5tGOa1fuCgeSjxAzM1RiN5IzvadIXTVefuuwZCRg==",
          "dev": true
        }
      }
    },
    "source-map": {
      "version": "0.7.3",
      "resolved": "https://registry.npmjs.org/source-map/-/source-map-0.7.3.tgz",
      "integrity": "sha512-CkCj6giN3S+n9qrYiBTX5gystlENnRW5jZeNLHpe6aue+SrHcG5VYwujhW9s4dY31mEGsxBDrHR6oI69fTXsaQ==",
      "dev": true
    },
    "source-map-support": {
      "version": "0.5.19",
      "resolved": "https://registry.npmjs.org/source-map-support/-/source-map-support-0.5.19.tgz",
      "integrity": "sha512-Wonm7zOCIJzBGQdB+thsPar0kYuCIzYvxZwlBa87yi/Mdjv7Tip2cyVbLj5o0cFPN4EVkuTwb3GDDyUx2DGnGw==",
      "dev": true,
      "requires": {
        "buffer-from": "^1.0.0",
        "source-map": "^0.6.0"
      },
      "dependencies": {
        "source-map": {
          "version": "0.6.1",
          "resolved": "https://registry.npmjs.org/source-map/-/source-map-0.6.1.tgz",
          "integrity": "sha512-UjgapumWlbMhkBgzT7Ykc5YXUT46F0iKu8SGXq0bcwP5dz/h0Plj6enJqjz1Zbq2l5WaqYnrVbwWOWMyF3F47g==",
          "dev": true
        }
      }
    },
    "terser": {
      "version": "5.6.1",
      "resolved": "https://registry.npmjs.org/terser/-/terser-5.6.1.tgz",
      "integrity": "sha512-yv9YLFQQ+3ZqgWCUk+pvNJwgUTdlIxUk1WTN+RnaFJe2L7ipG2csPT0ra2XRm7Cs8cxN7QXmK1rFzEwYEQkzXw==",
      "dev": true,
      "requires": {
        "commander": "^2.20.0",
        "source-map": "~0.7.2",
        "source-map-support": "~0.5.19"
      }
    },
    "typescript": {
      "version": "3.9.7",
      "resolved": "https://registry.npmjs.org/typescript/-/typescript-3.9.7.tgz",
      "integrity": "sha512-BLbiRkiBzAwsjut4x/dsibSTB6yWpwT5qWmC2OfuCg3GgVQCSgMs4vEctYPhsaGtd0AeuuHMkjZ2h2WG8MSzRw=="
    },
    "uglify-js": {
      "version": "3.10.3",
      "resolved": "https://registry.npmjs.org/uglify-js/-/uglify-js-3.10.3.tgz",
      "integrity": "sha512-Lh00i69Uf6G74mvYpHCI9KVVXLcHW/xu79YTvH7Mkc9zyKUeSPz0owW0dguj0Scavns3ZOh3wY63J0Zb97Za2g=="
    }
  }
}
