{
  "name": "dcl-project",
  "version": "1.0.0",
  "lockfileVersion": 1,
  "requires": true,
  "dependencies": {
    "@dcl/ecs-quests": {
      "version": "1.3.0",
      "resolved": "https://registry.npmjs.org/@dcl/ecs-quests/-/ecs-quests-1.3.0.tgz",
      "integrity": "sha512-Asx05PGLtotiJz/JOsW8vOD61LLjJRv0KOoYvXs22m2sAto4xezl8Y4H8Na8yCPeefVGl1ksT1MN7t2C4vpfvw==",
      "requires": {
        "dcl-quests-client": "^2.8.0"
      },
      "dependencies": {
        "dcl-quests-client": {
          "version": "2.9.0",
          "resolved": "https://registry.npmjs.org/dcl-quests-client/-/dcl-quests-client-2.9.0.tgz",
          "integrity": "sha512-yVNNHxu2zPF+66uLVvKQP/wubPOO3DgJHjtjUbjBCNbQUtKYz6M0+7X5pqEqC4kLQqGegrdZgTIl4qoZfxpewA=="
        }
      }
    },
    "@dcl/ecs-scene-utils": {
      "version": "1.6.2-20210408012032.commit-5921be1",
      "resolved": "https://registry.npmjs.org/@dcl/ecs-scene-utils/-/ecs-scene-utils-1.6.2-20210408012032.commit-5921be1.tgz",
      "integrity": "sha512-grU9TjeQHemcERFU1wl4V0hiNHohiKHqQFu2sehFKcPZ42NRZROhUbbrzRoS5J+lucgTYemjamDA03Z4u4PrZg=="
    },
    "@dcl/npc-scene-utils": {
      "version": "1.3.5-20210421190908.commit-a369f16",
      "resolved": "https://registry.npmjs.org/@dcl/npc-scene-utils/-/npc-scene-utils-1.3.5-20210421190908.commit-a369f16.tgz",
      "integrity": "sha512-1vtO+hvSCA4ENuZp/yNxP3yXYAcRzfK/z7eIMw9FQvaPVeI55qisZGL1/pgBL8OPZ/qBx08QhdkcNYvDKvU2/Q=="
    },
    "@dcl/ui-scene-utils": {
      "version": "1.7.1",
      "resolved": "https://registry.npmjs.org/@dcl/ui-scene-utils/-/ui-scene-utils-1.7.1.tgz",
      "integrity": "sha512-W0GW7ZKaevpuSdB1AUvk8qTtWhnVUMEg4BlLWHvW6FijVt0DF4TwWPWHRs2H7ONfhlaH+nHe5YexUr1WBS1K4A=="
    },
    "@dcl/unity-renderer": {
      "version": "1.0.3650",
      "resolved": "https://registry.npmjs.org/@dcl/unity-renderer/-/unity-renderer-1.0.3650.tgz",
      "integrity": "sha512-JKvHvgq8gh+tZOVXJxEeZiMEptzp1TtLnn8b8i1oOYA3lOXMEmSrP4RsppkdxfimF0uQMWB/tmA1Qn66+sFuSw==",
      "dev": true
    },
    "buffer-from": {
      "version": "1.1.1",
      "resolved": "https://registry.npmjs.org/buffer-from/-/buffer-from-1.1.1.tgz",
      "integrity": "sha512-MQcXEUbCKtEo7bhqEs6560Hyd4XaovZlO/k9V3hjVUF/zwW7KBVdSK4gIt/bzwS9MbR5qob+F5jusZsb0YQK2A==",
      "dev": true
    },
    "commander": {
      "version": "2.20.3",
      "resolved": "https://registry.npmjs.org/commander/-/commander-2.20.3.tgz",
      "integrity": "sha512-GpVkmM8vF2vQUkj2LvZmD35JxeJOLCwJ9cUkugyk2nuhbv3+mJvpLYYt+0+USMxE+oj+ey/lJEnhZw75x/OMcQ==",
      "dev": true
    },
    "dcl-quests-client": {
      "version": "2.6.1",
      "resolved": "https://registry.npmjs.org/dcl-quests-client/-/dcl-quests-client-2.6.1.tgz",
      "integrity": "sha512-ZDEl555Q3c6pxhbkXuRZ+HcBKqXQH/xKu2fBXrtYsl0uu0GYIAK0NP3/NDztvT7haukU3z8kZe1IrjGDBGczIA=="
    },
    "decentraland-builder-scripts": {
      "version": "0.24.0",
      "resolved": "https://registry.npmjs.org/decentraland-builder-scripts/-/decentraland-builder-scripts-0.24.0.tgz",
      "integrity": "sha512-gqCwQCLX1oez3rACmeqmVUyYmcwZmpk2VozfBF4LRMawgX1YoInraKbuOTs+2DbrDG8zmbDGDCj6wAeLsg7irA==",
      "requires": {
        "decentraland-ecs": "^6.1.4"
      },
      "dependencies": {
        "decentraland-ecs": {
          "version": "6.5.0",
          "resolved": "https://registry.npmjs.org/decentraland-ecs/-/decentraland-ecs-6.5.0.tgz",
          "integrity": "sha512-xtqeHBlrhJheGzhOf6RlxnGErxOYlK7LzXpnN40Eu2SSjs4RYkk8ZKPFY8UmKbK/grK/ZCJ7qNKsghiNz9TlDA==",
          "requires": {
            "typescript": "^3.8.3",
            "uglify-js": "^3.5.2"
          }
        }
      }
    },
    "decentraland-ecs": {
      "version": "6.6.5",
      "resolved": "https://registry.npmjs.org/decentraland-ecs/-/decentraland-ecs-6.6.5.tgz",
      "integrity": "sha512-1ZswzwA6OXZGWcujVDz0GaPQkwlUQrnkSN7TUq6QO3jdPq2hZIDaUZ9P9xLISJ/LtOJeO9SsHRAiNXED7fS/3w==",
      "dev": true,
      "requires": {
        "@dcl/unity-renderer": "*",
        "terser": "^5.2.1",
        "typescript": "^4.0.2"
      },
      "dependencies": {
        "typescript": {
          "version": "4.3.2",
          "resolved": "https://registry.npmjs.org/typescript/-/typescript-4.3.2.tgz",
          "integrity": "sha512-zZ4hShnmnoVnAHpVHWpTcxdv7dWP60S2FsydQLV8V5PbS3FifjWFFRiHSWpDJahly88PRyV5teTSLoq4eG7mKw==",
          "dev": true
        }
      }
    },
    "source-map": {
      "version": "0.7.3",
      "resolved": "https://registry.npmjs.org/source-map/-/source-map-0.7.3.tgz",
      "integrity": "sha512-CkCj6giN3S+n9qrYiBTX5gystlENnRW5jZeNLHpe6aue+SrHcG5VYwujhW9s4dY31mEGsxBDrHR6oI69fTXsaQ==",
      "dev": true
    },
    "source-map-support": {
      "version": "0.5.19",
      "resolved": "https://registry.npmjs.org/source-map-support/-/source-map-support-0.5.19.tgz",
      "integrity": "sha512-Wonm7zOCIJzBGQdB+thsPar0kYuCIzYvxZwlBa87yi/Mdjv7Tip2cyVbLj5o0cFPN4EVkuTwb3GDDyUx2DGnGw==",
      "dev": true,
      "requires": {
        "buffer-from": "^1.0.0",
        "source-map": "^0.6.0"
      },
      "dependencies": {
        "source-map": {
          "version": "0.6.1",
          "resolved": "https://registry.npmjs.org/source-map/-/source-map-0.6.1.tgz",
          "integrity": "sha512-UjgapumWlbMhkBgzT7Ykc5YXUT46F0iKu8SGXq0bcwP5dz/h0Plj6enJqjz1Zbq2l5WaqYnrVbwWOWMyF3F47g==",
          "dev": true
        }
      }
    },
    "terser": {
      "version": "5.7.0",
      "resolved": "https://registry.npmjs.org/terser/-/terser-5.7.0.tgz",
      "integrity": "sha512-HP5/9hp2UaZt5fYkuhNBR8YyRcT8juw8+uFbAme53iN9hblvKnLUTKkmwJG6ocWpIKf8UK4DoeWG4ty0J6S6/g==",
      "dev": true,
      "requires": {
        "commander": "^2.20.0",
        "source-map": "~0.7.2",
        "source-map-support": "~0.5.19"
      }
    },
    "typescript": {
      "version": "3.9.7",
      "resolved": "https://registry.npmjs.org/typescript/-/typescript-3.9.7.tgz",
      "integrity": "sha512-BLbiRkiBzAwsjut4x/dsibSTB6yWpwT5qWmC2OfuCg3GgVQCSgMs4vEctYPhsaGtd0AeuuHMkjZ2h2WG8MSzRw=="
    },
    "uglify-js": {
      "version": "3.10.3",
      "resolved": "https://registry.npmjs.org/uglify-js/-/uglify-js-3.10.3.tgz",
      "integrity": "sha512-Lh00i69Uf6G74mvYpHCI9KVVXLcHW/xu79YTvH7Mkc9zyKUeSPz0owW0dguj0Scavns3ZOh3wY63J0Zb97Za2g=="
    }
  }
}
